{
  "name": "sap-btp-platform-probe-approuter",
  "version": "0.1.0",
  "lockfileVersion": 3,
  "requires": true,
  "packages": {
    "": {
      "name": "sap-btp-platform-probe-approuter",
      "version": "0.1.0",
      "license": "MIT",
      "dependencies": {
        "@sap/approuter": "^18.0.0"
      },
      "engines": {
        "node": ">=20"
      }
    }
  }
}
