{
  "name": "sap-btp-platform-probe-backend",
  "version": "0.1.0",
  "lockfileVersion": 3,
  "requires": true,
  "packages": {
    "": {
      "name": "sap-btp-platform-probe-backend",
      "version": "0.1.0",
      "license": "MIT",
      "dependencies": {
        "@sap-cloud-sdk/connectivity": "^3.27.0",
        "@sap-cloud-sdk/http-client": "^3.27.0",
        "@sap/xsenv": "^5.2.0",
        "@sap/xssec": "^4.2.8",
        "express": "^4.19.2",
        "passport": "^0.7.0"
      },
      "engines": {
        "node": ">=20"
      }
    }
  }
}
